
Microsoft Visual Studio Solution File, Format Version 12.00
# Visual Studio Version 17
VisualStudioVersion = 17.13.35913.81
MinimumVisualStudioVersion = 10.0.40219.1
Project("{FAE04EC0-301F-11D3-BF4B-00C04F79EFBC}") = "ListaDeExercicios.ConsoleApp", "ListaDeExercicios.ConsoleApp\ListaDeExercicios.ConsoleApp.csproj", "{8CEF415A-8A96-4D47-8B31-F08561EDAB83}"
EndProject
Project("{FAE04EC0-301F-11D3-BF4B-00C04F79EFBC}") = "ConversãodeTemperatura.ConsoleApp", "ConversãodeTemperatura.ConsoleApp\ConversãodeTemperatura.ConsoleApp.csproj", "{F74252D6-0CD7-4A69-B694-6432E397FDCA}"
EndProject
Project("{FAE04EC0-301F-11D3-BF4B-00C04F79EFBC}") = "CalculadorDeSalarioVendedor.ConsoleApp", "CalculadorDeSalarioVendedor.ConsoleApp\CalculadorDeSalarioVendedor.ConsoleApp.csproj", "{AA45A76C-DC73-4EF3-9BFF-9495F5FB8246}"
EndProject
Project("{FAE04EC0-301F-11D3-BF4B-00C04F79EFBC}") = "MediaPonderada.ConsoleApp", "MediaPonderada.ConsoleApp\MediaPonderada.ConsoleApp.csproj", "{B6CAC07D-AB18-46CB-98C9-35BE11ECF8EF}"
EndProject
Project("{FAE04EC0-301F-11D3-BF4B-00C04F79EFBC}") = "CompararDecidirNumeros.ConsoleApp", "CompararDecidirNumeros.ConsoleApp\CompararDecidirNumeros.ConsoleApp.csproj", "{DB83CA07-3F4A-498D-9182-52EB6AC972AE}"
EndProject
Project("{FAE04EC0-301F-11D3-BF4B-00C04F79EFBC}") = "NumerosEmOrdemDecrescente.ConsoleApp", "NumerosEmOrdemDecrescente.ConsoleApp\NumerosEmOrdemDecrescente.ConsoleApp.csproj", "{EB81A9E7-F576-436C-BDCA-C77A7877BA92}"
EndProject
Project("{FAE04EC0-301F-11D3-BF4B-00C04F79EFBC}") = "IndiceDeMassaCorporal.ConsoleApp", "IndiceDeMassaCorporal.ConsoleApp\IndiceDeMassaCorporal.ConsoleApp.csproj", "{5327D8C2-73DA-4D99-A736-C9146FD505DB}"
EndProject
Project("{FAE04EC0-301F-11D3-BF4B-00C04F79EFBC}") = "CalcularVolumeCaixaRetangular.ConsoleApp", "CalcularVolumeCaixaRetangular.ConsoleApp\CalcularVolumeCaixaRetangular.ConsoleApp.csproj", "{4AD362C3-2916-46F5-A003-92779B84980B}"
EndProject
Global
	GlobalSection(SolutionConfigurationPlatforms) = preSolution
		Debug|Any CPU = Debug|Any CPU
		Release|Any CPU = Release|Any CPU
	EndGlobalSection
	GlobalSection(ProjectConfigurationPlatforms) = postSolution
		{8CEF415A-8A96-4D47-8B31-F08561EDAB83}.Debug|Any CPU.ActiveCfg = Debug|Any CPU
		{8CEF415A-8A96-4D47-8B31-F08561EDAB83}.Debug|Any CPU.Build.0 = Debug|Any CPU
		{8CEF415A-8A96-4D47-8B31-F08561EDAB83}.Release|Any CPU.ActiveCfg = Release|Any CPU
		{8CEF415A-8A96-4D47-8B31-F08561EDAB83}.Release|Any CPU.Build.0 = Release|Any CPU
		{F74252D6-0CD7-4A69-B694-6432E397FDCA}.Debug|Any CPU.ActiveCfg = Debug|Any CPU
		{F74252D6-0CD7-4A69-B694-6432E397FDCA}.Debug|Any CPU.Build.0 = Debug|Any CPU
		{F74252D6-0CD7-4A69-B694-6432E397FDCA}.Release|Any CPU.ActiveCfg = Release|Any CPU
		{F74252D6-0CD7-4A69-B694-6432E397FDCA}.Release|Any CPU.Build.0 = Release|Any CPU
		{AA45A76C-DC73-4EF3-9BFF-9495F5FB8246}.Debug|Any CPU.ActiveCfg = Debug|Any CPU
		{AA45A76C-DC73-4EF3-9BFF-9495F5FB8246}.Debug|Any CPU.Build.0 = Debug|Any CPU
		{AA45A76C-DC73-4EF3-9BFF-9495F5FB8246}.Release|Any CPU.ActiveCfg = Release|Any CPU
		{AA45A76C-DC73-4EF3-9BFF-9495F5FB8246}.Release|Any CPU.Build.0 = Release|Any CPU
		{B6CAC07D-AB18-46CB-98C9-35BE11ECF8EF}.Debug|Any CPU.ActiveCfg = Debug|Any CPU
		{B6CAC07D-AB18-46CB-98C9-35BE11ECF8EF}.Debug|Any CPU.Build.0 = Debug|Any CPU
		{B6CAC07D-AB18-46CB-98C9-35BE11ECF8EF}.Release|Any CPU.ActiveCfg = Release|Any CPU
		{B6CAC07D-AB18-46CB-98C9-35BE11ECF8EF}.Release|Any CPU.Build.0 = Release|Any CPU
		{DB83CA07-3F4A-498D-9182-52EB6AC972AE}.Debug|Any CPU.ActiveCfg = Debug|Any CPU
		{DB83CA07-3F4A-498D-9182-52EB6AC972AE}.Debug|Any CPU.Build.0 = Debug|Any CPU
		{DB83CA07-3F4A-498D-9182-52EB6AC972AE}.Release|Any CPU.ActiveCfg = Release|Any CPU
		{DB83CA07-3F4A-498D-9182-52EB6AC972AE}.Release|Any CPU.Build.0 = Release|Any CPU
		{EB81A9E7-F576-436C-BDCA-C77A7877BA92}.Debug|Any CPU.ActiveCfg = Debug|Any CPU
		{EB81A9E7-F576-436C-BDCA-C77A7877BA92}.Debug|Any CPU.Build.0 = Debug|Any CPU
		{EB81A9E7-F576-436C-BDCA-C77A7877BA92}.Release|Any CPU.ActiveCfg = Release|Any CPU
		{EB81A9E7-F576-436C-BDCA-C77A7877BA92}.Release|Any CPU.Build.0 = Release|Any CPU
		{5327D8C2-73DA-4D99-A736-C9146FD505DB}.Debug|Any CPU.ActiveCfg = Debug|Any CPU
		{5327D8C2-73DA-4D99-A736-C9146FD505DB}.Debug|Any CPU.Build.0 = Debug|Any CPU
		{5327D8C2-73DA-4D99-A736-C9146FD505DB}.Release|Any CPU.ActiveCfg = Release|Any CPU
		{5327D8C2-73DA-4D99-A736-C9146FD505DB}.Release|Any CPU.Build.0 = Release|Any CPU
		{4AD362C3-2916-46F5-A003-92779B84980B}.Debug|Any CPU.ActiveCfg = Debug|Any CPU
		{4AD362C3-2916-46F5-A003-92779B84980B}.Debug|Any CPU.Build.0 = Debug|Any CPU
		{4AD362C3-2916-46F5-A003-92779B84980B}.Release|Any CPU.ActiveCfg = Release|Any CPU
		{4AD362C3-2916-46F5-A003-92779B84980B}.Release|Any CPU.Build.0 = Release|Any CPU
	EndGlobalSection
	GlobalSection(SolutionProperties) = preSolution
		HideSolutionNode = FALSE
	EndGlobalSection
	GlobalSection(ExtensibilityGlobals) = postSolution
		SolutionGuid = {7037D228-C05F-43ED-A74A-DA47DB91C8FC}
	EndGlobalSection
EndGlobal
